
Microsoft Visual Studio Solution File, Format Version 12.00
# Visual Studio Version 17
VisualStudioVersion = 17.3.32819.101
MinimumVisualStudioVersion = 10.0.40219.1
Project("{FAE04EC0-301F-11D3-BF4B-00C04F79EFBC}") = "Software2KnowledgeCheck1", "Software2KnowledgeCheck1.csproj", "{70EBFE30-54FC-486D-BD70-2FED019773BE}"
EndProject
Global
	GlobalSection(SolutionConfigurationPlatforms) = preSolution
		Debug|Any CPU = Debug|Any CPU
		Release|Any CPU = Release|Any CPU
	EndGlobalSection
	GlobalSection(ProjectConfigurationPlatforms) = postSolution
		{70EBFE30-54FC-486D-BD70-2FED019773BE}.Debug|Any CPU.ActiveCfg = Debug|Any CPU
		{70EBFE30-54FC-486D-BD70-2FED019773BE}.Debug|Any CPU.Build.0 = Debug|Any CPU
		{70EBFE30-54FC-486D-BD70-2FED019773BE}.Release|Any CPU.ActiveCfg = Release|Any CPU
		{70EBFE30-54FC-486D-BD70-2FED019773BE}.Release|Any CPU.Build.0 = Release|Any CPU
	EndGlobalSection
	GlobalSection(SolutionProperties) = preSolution
		HideSolutionNode = FALSE
	EndGlobalSection
	GlobalSection(ExtensibilityGlobals) = postSolution
		SolutionGuid = {C01A982B-8129-4B24-9184-8851F9DB862D}
	EndGlobalSection
EndGlobal
